
Microsoft Visual Studio Solution File, Format Version 12.00
# Visual Studio Version 17
VisualStudioVersion = 17.9.34616.47
MinimumVisualStudioVersion = 10.0.40219.1
Project("{FAE04EC0-301F-11D3-BF4B-00C04F79EFBC}") = "Task Manager", "Task Manager\Task Manager.csproj", "{43C0EF9F-7DE1-4BA1-B218-1A727FEF90C8}"
EndProject
Global
	GlobalSection(SolutionConfigurationPlatforms) = preSolution
		Debug|Any CPU = Debug|Any CPU
		Release|Any CPU = Release|Any CPU
	EndGlobalSection
	GlobalSection(ProjectConfigurationPlatforms) = postSolution
		{43C0EF9F-7DE1-4BA1-B218-1A727FEF90C8}.Debug|Any CPU.ActiveCfg = Debug|Any CPU
		{43C0EF9F-7DE1-4BA1-B218-1A727FEF90C8}.Debug|Any CPU.Build.0 = Debug|Any CPU
		{43C0EF9F-7DE1-4BA1-B218-1A727FEF90C8}.Release|Any CPU.ActiveCfg = Release|Any CPU
		{43C0EF9F-7DE1-4BA1-B218-1A727FEF90C8}.Release|Any CPU.Build.0 = Release|Any CPU
	EndGlobalSection
	GlobalSection(SolutionProperties) = preSolution
		HideSolutionNode = FALSE
	EndGlobalSection
	GlobalSection(ExtensibilityGlobals) = postSolution
		SolutionGuid = {2214235E-FED8-4371-A1D7-440CE4639B5C}
	EndGlobalSection
EndGlobal
